
Microsoft Visual Studio Solution File, Format Version 12.00
# Visual Studio Version 17
VisualStudioVersion = 17.4.33403.182
MinimumVisualStudioVersion = 10.0.40219.1
Project("{FAE04EC0-301F-11D3-BF4B-00C04F79EFBC}") = "LeerTeclado", "LeerTeclado\LeerTeclado.csproj", "{512FEB35-D349-40EE-9039-25D7E9CA4F1C}"
EndProject
Global
	GlobalSection(SolutionConfigurationPlatforms) = preSolution
		Debug|Any CPU = Debug|Any CPU
		Release|Any CPU = Release|Any CPU
	EndGlobalSection
	GlobalSection(ProjectConfigurationPlatforms) = postSolution
		{512FEB35-D349-40EE-9039-25D7E9CA4F1C}.Debug|Any CPU.ActiveCfg = Debug|Any CPU
		{512FEB35-D349-40EE-9039-25D7E9CA4F1C}.Debug|Any CPU.Build.0 = Debug|Any CPU
		{512FEB35-D349-40EE-9039-25D7E9CA4F1C}.Release|Any CPU.ActiveCfg = Release|Any CPU
		{512FEB35-D349-40EE-9039-25D7E9CA4F1C}.Release|Any CPU.Build.0 = Release|Any CPU
	EndGlobalSection
	GlobalSection(SolutionProperties) = preSolution
		HideSolutionNode = FALSE
	EndGlobalSection
	GlobalSection(ExtensibilityGlobals) = postSolution
		SolutionGuid = {DD87AB7B-54AE-4EB1-B2DE-3F07BF9DFFB0}
	EndGlobalSection
EndGlobal
